
Microsoft Visual Studio Solution File, Format Version 12.00
# Visual Studio Version 17
VisualStudioVersion = 17.6.33829.357
MinimumVisualStudioVersion = 10.0.40219.1
Project("{FAE04EC0-301F-11D3-BF4B-00C04F79EFBC}") = "ExerciseWarunki3", "ExerciseWarunki3\ExerciseWarunki3.csproj", "{94C7B93A-60CA-409A-8204-23FD1E0DEEAD}"
EndProject
Global
	GlobalSection(SolutionConfigurationPlatforms) = preSolution
		Debug|Any CPU = Debug|Any CPU
		Release|Any CPU = Release|Any CPU
	EndGlobalSection
	GlobalSection(ProjectConfigurationPlatforms) = postSolution
		{94C7B93A-60CA-409A-8204-23FD1E0DEEAD}.Debug|Any CPU.ActiveCfg = Debug|Any CPU
		{94C7B93A-60CA-409A-8204-23FD1E0DEEAD}.Debug|Any CPU.Build.0 = Debug|Any CPU
		{94C7B93A-60CA-409A-8204-23FD1E0DEEAD}.Release|Any CPU.ActiveCfg = Release|Any CPU
		{94C7B93A-60CA-409A-8204-23FD1E0DEEAD}.Release|Any CPU.Build.0 = Release|Any CPU
	EndGlobalSection
	GlobalSection(SolutionProperties) = preSolution
		HideSolutionNode = FALSE
	EndGlobalSection
	GlobalSection(ExtensibilityGlobals) = postSolution
		SolutionGuid = {707C46FA-EA8D-474A-AF40-313F172343BE}
	EndGlobalSection
EndGlobal
